
Microsoft Visual Studio Solution File, Format Version 12.00
# Visual Studio Version 17
VisualStudioVersion = 17.0.31903.59
MinimumVisualStudioVersion = 10.0.40219.1
Project("{2150E333-8FDC-42A3-9474-1A3956D46DE8}") = "C#", "C#", "{70D832C7-E894-4564-91A5-712A07CC6435}"
EndProject
Project("{FAE04EC0-301F-11D3-BF4B-00C04F79EFBC}") = "ConsoleApp1", "C#\ConsoleApp1\ConsoleApp1.csproj", "{A52A5F32-1DE1-4FFB-A49F-BAB3C905BFD2}"
EndProject
Project("{FAE04EC0-301F-11D3-BF4B-00C04F79EFBC}") = "Calculator.cs", "C#\Calculator.cs\Calculator.cs.csproj", "{833216A3-309C-4707-A48A-57881EF3B1AF}"
EndProject
Project("{FAE04EC0-301F-11D3-BF4B-00C04F79EFBC}") = "Education", "C#\Education\Education.csproj", "{CF892BBA-3A5C-4FB3-8B15-B3AF5A071C32}"
EndProject
Project("{FAE04EC0-301F-11D3-BF4B-00C04F79EFBC}") = "Calculator", "C#\Calculator\Calculator.csproj", "{8DB55AF5-BEBB-47FE-8867-CCC6F32F3BBD}"
EndProject
Project("{FAE04EC0-301F-11D3-BF4B-00C04F79EFBC}") = "MadLibs", "C#\MadLibs\MadLibs.csproj", "{420747D8-5C48-44D4-A4A5-A6F3ED7B766D}"
EndProject
Project("{FAE04EC0-301F-11D3-BF4B-00C04F79EFBC}") = "GuessGame", "C#\GuessGame\GuessGame.csproj", "{1E9EA6DC-BAEB-4C66-AF5A-45F3FBDA9A45}"
EndProject
Project("{2150E333-8FDC-42A3-9474-1A3956D46DE8}") = "Programming", "Programming", "{204190BA-7845-45E6-A3CA-8DF310CDB86F}"
EndProject
Project("{FAE04EC0-301F-11D3-BF4B-00C04F79EFBC}") = "Education", "C#\Programming\Education\Education.csproj", "{A5B90544-69C1-4ED0-B7E4-215729930064}"
EndProject
Project("{FAE04EC0-301F-11D3-BF4B-00C04F79EFBC}") = "Calculator", "C#\Programming\Calculator\Calculator.csproj", "{EBF2FFC7-112A-44F7-A6C4-A75D74204045}"
EndProject
Project("{FAE04EC0-301F-11D3-BF4B-00C04F79EFBC}") = "MadLibs", "C#\Programming\MadLibs\MadLibs.csproj", "{595FC558-3BCA-4FC6-A198-3D8BA119069C}"
EndProject
Project("{FAE04EC0-301F-11D3-BF4B-00C04F79EFBC}") = "GuessGame", "C#\Programming\GuessGame\GuessGame.csproj", "{B46025B0-A2A8-49EF-8C74-24884853847A}"
EndProject
Global
	GlobalSection(SolutionConfigurationPlatforms) = preSolution
		Debug|Any CPU = Debug|Any CPU
		Release|Any CPU = Release|Any CPU
	EndGlobalSection
	GlobalSection(SolutionProperties) = preSolution
		HideSolutionNode = FALSE
	EndGlobalSection
	GlobalSection(ProjectConfigurationPlatforms) = postSolution
		{A52A5F32-1DE1-4FFB-A49F-BAB3C905BFD2}.Debug|Any CPU.ActiveCfg = Debug|Any CPU
		{A52A5F32-1DE1-4FFB-A49F-BAB3C905BFD2}.Debug|Any CPU.Build.0 = Debug|Any CPU
		{A52A5F32-1DE1-4FFB-A49F-BAB3C905BFD2}.Release|Any CPU.ActiveCfg = Release|Any CPU
		{A52A5F32-1DE1-4FFB-A49F-BAB3C905BFD2}.Release|Any CPU.Build.0 = Release|Any CPU
		{833216A3-309C-4707-A48A-57881EF3B1AF}.Debug|Any CPU.ActiveCfg = Debug|Any CPU
		{833216A3-309C-4707-A48A-57881EF3B1AF}.Debug|Any CPU.Build.0 = Debug|Any CPU
		{833216A3-309C-4707-A48A-57881EF3B1AF}.Release|Any CPU.ActiveCfg = Release|Any CPU
		{833216A3-309C-4707-A48A-57881EF3B1AF}.Release|Any CPU.Build.0 = Release|Any CPU
		{CF892BBA-3A5C-4FB3-8B15-B3AF5A071C32}.Debug|Any CPU.ActiveCfg = Debug|Any CPU
		{CF892BBA-3A5C-4FB3-8B15-B3AF5A071C32}.Debug|Any CPU.Build.0 = Debug|Any CPU
		{CF892BBA-3A5C-4FB3-8B15-B3AF5A071C32}.Release|Any CPU.ActiveCfg = Release|Any CPU
		{CF892BBA-3A5C-4FB3-8B15-B3AF5A071C32}.Release|Any CPU.Build.0 = Release|Any CPU
		{8DB55AF5-BEBB-47FE-8867-CCC6F32F3BBD}.Debug|Any CPU.ActiveCfg = Debug|Any CPU
		{8DB55AF5-BEBB-47FE-8867-CCC6F32F3BBD}.Debug|Any CPU.Build.0 = Debug|Any CPU
		{8DB55AF5-BEBB-47FE-8867-CCC6F32F3BBD}.Release|Any CPU.ActiveCfg = Release|Any CPU
		{8DB55AF5-BEBB-47FE-8867-CCC6F32F3BBD}.Release|Any CPU.Build.0 = Release|Any CPU
		{420747D8-5C48-44D4-A4A5-A6F3ED7B766D}.Debug|Any CPU.ActiveCfg = Debug|Any CPU
		{420747D8-5C48-44D4-A4A5-A6F3ED7B766D}.Debug|Any CPU.Build.0 = Debug|Any CPU
		{420747D8-5C48-44D4-A4A5-A6F3ED7B766D}.Release|Any CPU.ActiveCfg = Release|Any CPU
		{420747D8-5C48-44D4-A4A5-A6F3ED7B766D}.Release|Any CPU.Build.0 = Release|Any CPU
		{1E9EA6DC-BAEB-4C66-AF5A-45F3FBDA9A45}.Debug|Any CPU.ActiveCfg = Debug|Any CPU
		{1E9EA6DC-BAEB-4C66-AF5A-45F3FBDA9A45}.Debug|Any CPU.Build.0 = Debug|Any CPU
		{1E9EA6DC-BAEB-4C66-AF5A-45F3FBDA9A45}.Release|Any CPU.ActiveCfg = Release|Any CPU
		{1E9EA6DC-BAEB-4C66-AF5A-45F3FBDA9A45}.Release|Any CPU.Build.0 = Release|Any CPU
		{A5B90544-69C1-4ED0-B7E4-215729930064}.Debug|Any CPU.ActiveCfg = Debug|Any CPU
		{A5B90544-69C1-4ED0-B7E4-215729930064}.Debug|Any CPU.Build.0 = Debug|Any CPU
		{A5B90544-69C1-4ED0-B7E4-215729930064}.Release|Any CPU.ActiveCfg = Release|Any CPU
		{A5B90544-69C1-4ED0-B7E4-215729930064}.Release|Any CPU.Build.0 = Release|Any CPU
		{EBF2FFC7-112A-44F7-A6C4-A75D74204045}.Debug|Any CPU.ActiveCfg = Debug|Any CPU
		{EBF2FFC7-112A-44F7-A6C4-A75D74204045}.Debug|Any CPU.Build.0 = Debug|Any CPU
		{EBF2FFC7-112A-44F7-A6C4-A75D74204045}.Release|Any CPU.ActiveCfg = Release|Any CPU
		{EBF2FFC7-112A-44F7-A6C4-A75D74204045}.Release|Any CPU.Build.0 = Release|Any CPU
		{595FC558-3BCA-4FC6-A198-3D8BA119069C}.Debug|Any CPU.ActiveCfg = Debug|Any CPU
		{595FC558-3BCA-4FC6-A198-3D8BA119069C}.Debug|Any CPU.Build.0 = Debug|Any CPU
		{595FC558-3BCA-4FC6-A198-3D8BA119069C}.Release|Any CPU.ActiveCfg = Release|Any CPU
		{595FC558-3BCA-4FC6-A198-3D8BA119069C}.Release|Any CPU.Build.0 = Release|Any CPU
		{B46025B0-A2A8-49EF-8C74-24884853847A}.Debug|Any CPU.ActiveCfg = Debug|Any CPU
		{B46025B0-A2A8-49EF-8C74-24884853847A}.Debug|Any CPU.Build.0 = Debug|Any CPU
		{B46025B0-A2A8-49EF-8C74-24884853847A}.Release|Any CPU.ActiveCfg = Release|Any CPU
		{B46025B0-A2A8-49EF-8C74-24884853847A}.Release|Any CPU.Build.0 = Release|Any CPU
	EndGlobalSection
	GlobalSection(NestedProjects) = preSolution
		{A52A5F32-1DE1-4FFB-A49F-BAB3C905BFD2} = {70D832C7-E894-4564-91A5-712A07CC6435}
		{833216A3-309C-4707-A48A-57881EF3B1AF} = {70D832C7-E894-4564-91A5-712A07CC6435}
		{CF892BBA-3A5C-4FB3-8B15-B3AF5A071C32} = {70D832C7-E894-4564-91A5-712A07CC6435}
		{8DB55AF5-BEBB-47FE-8867-CCC6F32F3BBD} = {70D832C7-E894-4564-91A5-712A07CC6435}
		{420747D8-5C48-44D4-A4A5-A6F3ED7B766D} = {70D832C7-E894-4564-91A5-712A07CC6435}
		{1E9EA6DC-BAEB-4C66-AF5A-45F3FBDA9A45} = {70D832C7-E894-4564-91A5-712A07CC6435}
		{204190BA-7845-45E6-A3CA-8DF310CDB86F} = {70D832C7-E894-4564-91A5-712A07CC6435}
		{A5B90544-69C1-4ED0-B7E4-215729930064} = {204190BA-7845-45E6-A3CA-8DF310CDB86F}
		{EBF2FFC7-112A-44F7-A6C4-A75D74204045} = {204190BA-7845-45E6-A3CA-8DF310CDB86F}
		{595FC558-3BCA-4FC6-A198-3D8BA119069C} = {204190BA-7845-45E6-A3CA-8DF310CDB86F}
		{B46025B0-A2A8-49EF-8C74-24884853847A} = {204190BA-7845-45E6-A3CA-8DF310CDB86F}
	EndGlobalSection
EndGlobal
